
Microsoft Visual Studio Solution File, Format Version 11.00
# Visual C# Express 2010
Project("{FAE04EC0-301F-11D3-BF4B-00C04F79EFBC}") = "tp fonctions", "tp fonctions\tp fonctions.csproj", "{19C3E979-565F-4DC6-BD4F-A3AE828B27F1}"
EndProject
Global
	GlobalSection(SolutionConfigurationPlatforms) = preSolution
		Debug|x86 = Debug|x86
		Release|x86 = Release|x86
	EndGlobalSection
	GlobalSection(ProjectConfigurationPlatforms) = postSolution
		{19C3E979-565F-4DC6-BD4F-A3AE828B27F1}.Debug|x86.ActiveCfg = Debug|x86
		{19C3E979-565F-4DC6-BD4F-A3AE828B27F1}.Debug|x86.Build.0 = Debug|x86
		{19C3E979-565F-4DC6-BD4F-A3AE828B27F1}.Release|x86.ActiveCfg = Release|x86
		{19C3E979-565F-4DC6-BD4F-A3AE828B27F1}.Release|x86.Build.0 = Release|x86
	EndGlobalSection
	GlobalSection(SolutionProperties) = preSolution
		HideSolutionNode = FALSE
	EndGlobalSection
EndGlobal
